
Microsoft Visual Studio Solution File, Format Version 12.00
# Visual Studio 14
VisualStudioVersion = 14.0.23107.0
MinimumVisualStudioVersion = 10.0.40219.1
Project("{930C7802-8A8C-48F9-8165-68863BCCD9DD}") = "Kam1n0WinSetupProject", "Kam1n0WinSetupProject\Kam1n0WinSetupProject.wixproj", "{D60F1611-13B2-43E3-8B23-65CE45A37244}"
EndProject
Project("{FAE04EC0-301F-11D3-BF4B-00C04F79EFBC}") = "CustomActions", "CustomActions\CustomActions.csproj", "{EDBEF680-7D81-4F06-937A-BE29C33F0B54}"
EndProject
Global
	GlobalSection(SolutionConfigurationPlatforms) = preSolution
		Debug|x86 = Debug|x86
		Release|x86 = Release|x86
	EndGlobalSection
	GlobalSection(ProjectConfigurationPlatforms) = postSolution
		{D60F1611-13B2-43E3-8B23-65CE45A37244}.Debug|x86.ActiveCfg = Debug|x86
		{D60F1611-13B2-43E3-8B23-65CE45A37244}.Debug|x86.Build.0 = Debug|x86
		{D60F1611-13B2-43E3-8B23-65CE45A37244}.Release|x86.ActiveCfg = Release|x86
		{D60F1611-13B2-43E3-8B23-65CE45A37244}.Release|x86.Build.0 = Release|x86
		{EDBEF680-7D81-4F06-937A-BE29C33F0B54}.Debug|x86.ActiveCfg = Debug|x86
		{EDBEF680-7D81-4F06-937A-BE29C33F0B54}.Debug|x86.Build.0 = Debug|x86
		{EDBEF680-7D81-4F06-937A-BE29C33F0B54}.Release|x86.ActiveCfg = Release|x86
		{EDBEF680-7D81-4F06-937A-BE29C33F0B54}.Release|x86.Build.0 = Release|x86
	EndGlobalSection
	GlobalSection(SolutionProperties) = preSolution
		HideSolutionNode = FALSE
	EndGlobalSection
EndGlobal
